
Microsoft Visual Studio Solution File, Format Version 12.00
# Visual Studio Version 16
VisualStudioVersion = 16.0.31624.102
MinimumVisualStudioVersion = 10.0.40219.1
Project("{FAE04EC0-301F-11D3-BF4B-00C04F79EFBC}") = "ConsoleApp1", "ConsoleApp1\ConsoleApp1.csproj", "{D22D5BC5-5611-4BE9-9484-35068DF6B3EC}"
EndProject
Global
	GlobalSection(SolutionConfigurationPlatforms) = preSolution
		Debug|Any CPU = Debug|Any CPU
		Release|Any CPU = Release|Any CPU
	EndGlobalSection
	GlobalSection(ProjectConfigurationPlatforms) = postSolution
		{D22D5BC5-5611-4BE9-9484-35068DF6B3EC}.Debug|Any CPU.ActiveCfg = Debug|Any CPU
		{D22D5BC5-5611-4BE9-9484-35068DF6B3EC}.Debug|Any CPU.Build.0 = Debug|Any CPU
		{D22D5BC5-5611-4BE9-9484-35068DF6B3EC}.Release|Any CPU.ActiveCfg = Release|Any CPU
		{D22D5BC5-5611-4BE9-9484-35068DF6B3EC}.Release|Any CPU.Build.0 = Release|Any CPU
	EndGlobalSection
	GlobalSection(SolutionProperties) = preSolution
		HideSolutionNode = FALSE
	EndGlobalSection
	GlobalSection(ExtensibilityGlobals) = postSolution
		SolutionGuid = {7C32F3A2-92F6-434D-9135-373B2CCA1641}
	EndGlobalSection
EndGlobal
